
Microsoft Visual Studio Solution File, Format Version 12.00
# Visual Studio 2012
Project("{FAE04EC0-301F-11D3-BF4B-00C04F79EFBC}") = "HIS.Desktop", "HIS.Desktop\HIS.Desktop.csproj", "{8207ACB0-A325-42C6-97CB-FB54AE1AE6B8}"
EndProject
Project("{FAE04EC0-301F-11D3-BF4B-00C04F79EFBC}") = "HIS.Desktop.LibraryMessage", "HIS.Desktop.LibraryMessage\HIS.Desktop.LibraryMessage.csproj", "{48D9A44A-7120-4C9B-8923-B1AF16B1992F}"
EndProject
Project("{FAE04EC0-301F-11D3-BF4B-00C04F79EFBC}") = "HIS.Desktop.Utilities", "HIS.Desktop.Utility\HIS.Desktop.Utilities.csproj", "{2AAD22DB-2166-4BE8-AE52-335B21DC03FC}"
EndProject
Project("{2150E333-8FDC-42A3-9474-1A3956D46DE8}") = "Common", "Common", "{CD781BD7-B609-40A6-B54F-F70FF7A94E11}"
EndProject
Project("{FAE04EC0-301F-11D3-BF4B-00C04F79EFBC}") = "HIS.Desktop.LocalStorage.ConfigApplication", "HIS.Desktop.LocalStorage.ConfigApplication\HIS.Desktop.LocalStorage.ConfigApplication.csproj", "{3A2C932A-9D3A-483B-89A0-9F9C8225B283}"
EndProject
Project("{FAE04EC0-301F-11D3-BF4B-00C04F79EFBC}") = "HIS.Desktop.LocalStorage.ConfigSystem", "HIS.Desktop.LocalStorage.ConfigSystem\HIS.Desktop.LocalStorage.ConfigSystem.csproj", "{48D25A6A-11BC-4F0F-8DD7-15E03A2BCADA}"
EndProject
Project("{FAE04EC0-301F-11D3-BF4B-00C04F79EFBC}") = "HIS.Desktop.LocalStorage.LocalData", "HIS.Desktop.LocalStorage.LocalData\HIS.Desktop.LocalStorage.LocalData.csproj", "{E036EDF5-788C-4892-8D8F-6B1C16DCBD21}"
EndProject
Project("{2150E333-8FDC-42A3-9474-1A3956D46DE8}") = "Desktop", "Desktop", "{01B37B36-E8F3-419E-953E-C430317B44B3}"
EndProject
Project("{FAE04EC0-301F-11D3-BF4B-00C04F79EFBC}") = "HIS.Desktop.ApiConsumer", "HIS.Desktop.ApiConsumer\HIS.Desktop.ApiConsumer.csproj", "{861BFEDB-026F-4B6F-A3CF-32843AE8C03D}"
EndProject
Project("{FAE04EC0-301F-11D3-BF4B-00C04F79EFBC}") = "HIS.Desktop.LocalStorage.BackendData", "HIS.Desktop.LocalStorage.BackendData\HIS.Desktop.LocalStorage.BackendData.csproj", "{86709A9C-A149-4EBB-A817-1BF8F4F4BC07}"
EndProject
Project("{FAE04EC0-301F-11D3-BF4B-00C04F79EFBC}") = "HIS.Desktop.EventLog", "HIS.Desktop.EventLog\HIS.Desktop.EventLog.csproj", "{306CBC95-D95A-48E1-941E-F3ECC0CBEE34}"
EndProject
Project("{FAE04EC0-301F-11D3-BF4B-00C04F79EFBC}") = "HIS.Desktop.Common", "HIS.Desktop.Common\HIS.Desktop.Common.csproj", "{59FDCBA7-0F9F-4257-B95A-E37A1CCFE107}"
EndProject
Project("{FAE04EC0-301F-11D3-BF4B-00C04F79EFBC}") = "HIS.Desktop.Controls.Session", "HIS.Desktop.Control.Session\HIS.Desktop.Controls.Session.csproj", "{9B4B505C-AFA1-4974-8AC8-503F748BD5A2}"
EndProject
Project("{FAE04EC0-301F-11D3-BF4B-00C04F79EFBC}") = "HIS.Desktop.LocalStorage.Location", "HIS.Desktop.LocalStorage.Location\HIS.Desktop.LocalStorage.Location.csproj", "{67E93829-79BD-407E-A4DD-B46CEBB55A41}"
EndProject
Project("{FAE04EC0-301F-11D3-BF4B-00C04F79EFBC}") = "HIS.Desktop.Plugins.ReportCreate", "Plugins\HIS.Desktop.Plugins.ReportCreate\HIS.Desktop.Plugins.ReportCreate.csproj", "{9D28416C-4266-4296-B8C9-204425C843A5}"
EndProject
Project("{FAE04EC0-301F-11D3-BF4B-00C04F79EFBC}") = "HIS.Desktop.Plugins.ReportList", "Plugins\HIS.Desktop.Plugins.ReportList\HIS.Desktop.Plugins.ReportList.csproj", "{1930E6D3-9AD0-4811-8772-ECA90C796A1E}"
EndProject
Project("{FAE04EC0-301F-11D3-BF4B-00C04F79EFBC}") = "HIS.Desktop.Plugins.Dashboard", "Plugins\HIS.Desktop.Plugins.Dashboard\HIS.Desktop.Plugins.Dashboard\HIS.Desktop.Plugins.Dashboard.csproj", "{F5C12CDA-B811-46EE-879B-8FE26D4D6DCA}"
EndProject
Project("{FAE04EC0-301F-11D3-BF4B-00C04F79EFBC}") = "HIS.Desktop.Print", "HIS.Desktop.Print\HIS.Desktop.Print.csproj", "{AEECA321-FD65-407A-8D70-BA5362883B87}"
EndProject
Project("{FAE04EC0-301F-11D3-BF4B-00C04F79EFBC}") = "HIS.Desktop.Plugins.ReportTypeList", "Plugins\HIS.Desktop.Plugins.ReportTypeList\HIS.Desktop.Plugins.ReportTypeList.csproj", "{E7FE1F9B-6066-48A2-BE2F-743663CDD6E3}"
EndProject
Project("{FAE04EC0-301F-11D3-BF4B-00C04F79EFBC}") = "HIS.Desktop.LocalStorage.SdaConfigKey", "HIS.Desktop.LocalStorage.SdaConfigKey\HIS.Desktop.LocalStorage.SdaConfigKey.csproj", "{D46B3BA7-4549-4F4E-A7A4-587879C51166}"
EndProject
Project("{FAE04EC0-301F-11D3-BF4B-00C04F79EFBC}") = "HIS.Desktop.Plugins.ChooseRoom", "Plugins\HIS.Desktop.Plugins.ChooseRoom\HIS.Desktop.Plugins.ChooseRoom\HIS.Desktop.Plugins.ChooseRoom.csproj", "{4B48F886-2E0F-402A-A462-5AC4C22E5323}"
EndProject
Project("{FAE04EC0-301F-11D3-BF4B-00C04F79EFBC}") = "HIS.Desktop.Plugins.Register", "Plugins\HIS.Desktop.Plugins.Register\HIS.Desktop.Plugins.Register.csproj", "{9809A728-D2D3-461E-B6CE-93C2481EF018}"
EndProject
Project("{FAE04EC0-301F-11D3-BF4B-00C04F79EFBC}") = "HIS.Desktop.ApplicationFont", "HIS.Desktop.ApplicationFont\HIS.Desktop.ApplicationFont.csproj", "{EE6BBA16-7E46-49BD-9707-A2069E480302}"
EndProject
Project("{FAE04EC0-301F-11D3-BF4B-00C04F79EFBC}") = "HIS.Desktop.IsAdmin", "HIS.Desktop.IsAdmin\HIS.Desktop.IsAdmin.csproj", "{4AB09EFC-8F70-4CCA-9E6D-693F44A7D29F}"
EndProject
Project("{FAE04EC0-301F-11D3-BF4B-00C04F79EFBC}") = "HIS.Desktop.LocalStorage.ConfigHideControl", "HIS.Desktop.LocalStorage.ConfigHideControl\HIS.Desktop.LocalStorage.ConfigHideControl.csproj", "{7058A480-4CE1-4A56-99E4-77378379FD77}"
EndProject
Project("{FAE04EC0-301F-11D3-BF4B-00C04F79EFBC}") = "HIS.Desktop.LocalStorage.HisConfig", "HIS.Desktop.LocalStorage.HisConfig\HIS.Desktop.LocalStorage.HisConfig.csproj", "{D1E5461B-8A8E-46F7-9AEE-5C1B327E5F2B}"
EndProject
Project("{FAE04EC0-301F-11D3-BF4B-00C04F79EFBC}") = "HIS.Desktop.ModuleExt", "HIS.Desktop.ModuleExt\HIS.Desktop.ModuleExt.csproj", "{168B4CC6-8447-41DA-B034-A02F336168E4}"
EndProject
Project("{FAE04EC0-301F-11D3-BF4B-00C04F79EFBC}") = "HIS.Desktop.XmlCacheMonitor", "HIS.Desktop.XmlCacheMonitor\HIS.Desktop.XmlCacheMonitor.csproj", "{0E390108-E542-44FE-8711-5E01C5406684}"
EndProject
Project("{FAE04EC0-301F-11D3-BF4B-00C04F79EFBC}") = "HIS.Desktop.XmlRamMonitor", "HIS.Desktop.XmlRamMonitor\HIS.Desktop.XmlRamMonitor.csproj", "{26C8FAC6-4F73-445C-A900-CF89CAA75274}"
EndProject
Project("{FAE04EC0-301F-11D3-BF4B-00C04F79EFBC}") = "HIS.Desktop.Plugins.Library.EmrGenerate", "Plugins\HIS.Desktop.Plugins.Library.EmrGenerate\HIS.Desktop.Plugins.Library.EmrGenerate.csproj", "{0AEDFD21-7195-4FDB-A3EF-035640DF48F3}"
EndProject
Project("{FAE04EC0-301F-11D3-BF4B-00C04F79EFBC}") = "HIS.Desktop.Library.CacheClient", "Plugins\HIS.Desktop.Library.CacheClient\HIS.Desktop.Library.CacheClient.csproj", "{64837E01-803D-4F1E-9DFC-D34B38EA78F9}"
EndProject
Project("{FAE04EC0-301F-11D3-BF4B-00C04F79EFBC}") = "HIS.Desktop.Plugins.HisTutorial", "Plugins\HIS.Desktop.Plugins.HisTutorial\HIS.Desktop.Plugins.HisTutorial.csproj", "{F22FACD5-3DA1-4F80-BB8E-DC83A0AB5CDB}"
EndProject
Project("{FAE04EC0-301F-11D3-BF4B-00C04F79EFBC}") = "HIS.Desktop.Plugins.LocalCacheManager", "Plugins\HIS.Desktop.Plugins.LocalCacheManager\HIS.Desktop.Plugins.LocalCacheManager.csproj", "{5317499F-B8BB-4F85-8C5D-A6B01476D810}"
EndProject
Project("{FAE04EC0-301F-11D3-BF4B-00C04F79EFBC}") = "HIS.Desktop.ADO", "HIS.Desktop.ADO\HIS.Desktop.ADO.csproj", "{808C25CD-0925-417F-BBF9-CAF9604DA879}"
EndProject
Global
	GlobalSection(SolutionConfigurationPlatforms) = preSolution
		Debug|Any CPU = Debug|Any CPU
		Release|Any CPU = Release|Any CPU
	EndGlobalSection
	GlobalSection(ProjectConfigurationPlatforms) = postSolution
		{8207ACB0-A325-42C6-97CB-FB54AE1AE6B8}.Debug|Any CPU.ActiveCfg = Debug|Any CPU
		{8207ACB0-A325-42C6-97CB-FB54AE1AE6B8}.Debug|Any CPU.Build.0 = Debug|Any CPU
		{8207ACB0-A325-42C6-97CB-FB54AE1AE6B8}.Release|Any CPU.ActiveCfg = Release|Any CPU
		{8207ACB0-A325-42C6-97CB-FB54AE1AE6B8}.Release|Any CPU.Build.0 = Release|Any CPU
		{48D9A44A-7120-4C9B-8923-B1AF16B1992F}.Debug|Any CPU.ActiveCfg = Release|Any CPU
		{48D9A44A-7120-4C9B-8923-B1AF16B1992F}.Debug|Any CPU.Build.0 = Release|Any CPU
		{48D9A44A-7120-4C9B-8923-B1AF16B1992F}.Release|Any CPU.ActiveCfg = Release|Any CPU
		{48D9A44A-7120-4C9B-8923-B1AF16B1992F}.Release|Any CPU.Build.0 = Release|Any CPU
		{2AAD22DB-2166-4BE8-AE52-335B21DC03FC}.Debug|Any CPU.ActiveCfg = Release|Any CPU
		{2AAD22DB-2166-4BE8-AE52-335B21DC03FC}.Debug|Any CPU.Build.0 = Release|Any CPU
		{2AAD22DB-2166-4BE8-AE52-335B21DC03FC}.Release|Any CPU.ActiveCfg = Release|Any CPU
		{2AAD22DB-2166-4BE8-AE52-335B21DC03FC}.Release|Any CPU.Build.0 = Release|Any CPU
		{3A2C932A-9D3A-483B-89A0-9F9C8225B283}.Debug|Any CPU.ActiveCfg = Release|Any CPU
		{3A2C932A-9D3A-483B-89A0-9F9C8225B283}.Debug|Any CPU.Build.0 = Release|Any CPU
		{3A2C932A-9D3A-483B-89A0-9F9C8225B283}.Release|Any CPU.ActiveCfg = Release|Any CPU
		{3A2C932A-9D3A-483B-89A0-9F9C8225B283}.Release|Any CPU.Build.0 = Release|Any CPU
		{48D25A6A-11BC-4F0F-8DD7-15E03A2BCADA}.Debug|Any CPU.ActiveCfg = Release|Any CPU
		{48D25A6A-11BC-4F0F-8DD7-15E03A2BCADA}.Debug|Any CPU.Build.0 = Release|Any CPU
		{48D25A6A-11BC-4F0F-8DD7-15E03A2BCADA}.Release|Any CPU.ActiveCfg = Release|Any CPU
		{48D25A6A-11BC-4F0F-8DD7-15E03A2BCADA}.Release|Any CPU.Build.0 = Release|Any CPU
		{E036EDF5-788C-4892-8D8F-6B1C16DCBD21}.Debug|Any CPU.ActiveCfg = Release|Any CPU
		{E036EDF5-788C-4892-8D8F-6B1C16DCBD21}.Debug|Any CPU.Build.0 = Release|Any CPU
		{E036EDF5-788C-4892-8D8F-6B1C16DCBD21}.Release|Any CPU.ActiveCfg = Release|Any CPU
		{E036EDF5-788C-4892-8D8F-6B1C16DCBD21}.Release|Any CPU.Build.0 = Release|Any CPU
		{861BFEDB-026F-4B6F-A3CF-32843AE8C03D}.Debug|Any CPU.ActiveCfg = Release|Any CPU
		{861BFEDB-026F-4B6F-A3CF-32843AE8C03D}.Debug|Any CPU.Build.0 = Release|Any CPU
		{861BFEDB-026F-4B6F-A3CF-32843AE8C03D}.Release|Any CPU.ActiveCfg = Release|Any CPU
		{861BFEDB-026F-4B6F-A3CF-32843AE8C03D}.Release|Any CPU.Build.0 = Release|Any CPU
		{86709A9C-A149-4EBB-A817-1BF8F4F4BC07}.Debug|Any CPU.ActiveCfg = Release|Any CPU
		{86709A9C-A149-4EBB-A817-1BF8F4F4BC07}.Debug|Any CPU.Build.0 = Release|Any CPU
		{86709A9C-A149-4EBB-A817-1BF8F4F4BC07}.Release|Any CPU.ActiveCfg = Release|Any CPU
		{86709A9C-A149-4EBB-A817-1BF8F4F4BC07}.Release|Any CPU.Build.0 = Release|Any CPU
		{306CBC95-D95A-48E1-941E-F3ECC0CBEE34}.Debug|Any CPU.ActiveCfg = Release|Any CPU
		{306CBC95-D95A-48E1-941E-F3ECC0CBEE34}.Debug|Any CPU.Build.0 = Release|Any CPU
		{306CBC95-D95A-48E1-941E-F3ECC0CBEE34}.Release|Any CPU.ActiveCfg = Release|Any CPU
		{306CBC95-D95A-48E1-941E-F3ECC0CBEE34}.Release|Any CPU.Build.0 = Release|Any CPU
		{59FDCBA7-0F9F-4257-B95A-E37A1CCFE107}.Debug|Any CPU.ActiveCfg = Release|Any CPU
		{59FDCBA7-0F9F-4257-B95A-E37A1CCFE107}.Debug|Any CPU.Build.0 = Release|Any CPU
		{59FDCBA7-0F9F-4257-B95A-E37A1CCFE107}.Release|Any CPU.ActiveCfg = Release|Any CPU
		{59FDCBA7-0F9F-4257-B95A-E37A1CCFE107}.Release|Any CPU.Build.0 = Release|Any CPU
		{9B4B505C-AFA1-4974-8AC8-503F748BD5A2}.Debug|Any CPU.ActiveCfg = Release|Any CPU
		{9B4B505C-AFA1-4974-8AC8-503F748BD5A2}.Debug|Any CPU.Build.0 = Release|Any CPU
		{9B4B505C-AFA1-4974-8AC8-503F748BD5A2}.Release|Any CPU.ActiveCfg = Release|Any CPU
		{9B4B505C-AFA1-4974-8AC8-503F748BD5A2}.Release|Any CPU.Build.0 = Release|Any CPU
		{67E93829-79BD-407E-A4DD-B46CEBB55A41}.Debug|Any CPU.ActiveCfg = Release|Any CPU
		{67E93829-79BD-407E-A4DD-B46CEBB55A41}.Debug|Any CPU.Build.0 = Release|Any CPU
		{67E93829-79BD-407E-A4DD-B46CEBB55A41}.Release|Any CPU.ActiveCfg = Release|Any CPU
		{67E93829-79BD-407E-A4DD-B46CEBB55A41}.Release|Any CPU.Build.0 = Release|Any CPU
		{9D28416C-4266-4296-B8C9-204425C843A5}.Debug|Any CPU.ActiveCfg = Release|Any CPU
		{9D28416C-4266-4296-B8C9-204425C843A5}.Debug|Any CPU.Build.0 = Release|Any CPU
		{9D28416C-4266-4296-B8C9-204425C843A5}.Release|Any CPU.ActiveCfg = Release|Any CPU
		{9D28416C-4266-4296-B8C9-204425C843A5}.Release|Any CPU.Build.0 = Release|Any CPU
		{1930E6D3-9AD0-4811-8772-ECA90C796A1E}.Debug|Any CPU.ActiveCfg = Release|Any CPU
		{1930E6D3-9AD0-4811-8772-ECA90C796A1E}.Debug|Any CPU.Build.0 = Release|Any CPU
		{1930E6D3-9AD0-4811-8772-ECA90C796A1E}.Release|Any CPU.ActiveCfg = Release|Any CPU
		{1930E6D3-9AD0-4811-8772-ECA90C796A1E}.Release|Any CPU.Build.0 = Release|Any CPU
		{F5C12CDA-B811-46EE-879B-8FE26D4D6DCA}.Debug|Any CPU.ActiveCfg = Release|Any CPU
		{F5C12CDA-B811-46EE-879B-8FE26D4D6DCA}.Debug|Any CPU.Build.0 = Release|Any CPU
		{F5C12CDA-B811-46EE-879B-8FE26D4D6DCA}.Release|Any CPU.ActiveCfg = Release|Any CPU
		{F5C12CDA-B811-46EE-879B-8FE26D4D6DCA}.Release|Any CPU.Build.0 = Release|Any CPU
		{AEECA321-FD65-407A-8D70-BA5362883B87}.Debug|Any CPU.ActiveCfg = Release|Any CPU
		{AEECA321-FD65-407A-8D70-BA5362883B87}.Debug|Any CPU.Build.0 = Release|Any CPU
		{AEECA321-FD65-407A-8D70-BA5362883B87}.Release|Any CPU.ActiveCfg = Release|Any CPU
		{AEECA321-FD65-407A-8D70-BA5362883B87}.Release|Any CPU.Build.0 = Release|Any CPU
		{E7FE1F9B-6066-48A2-BE2F-743663CDD6E3}.Debug|Any CPU.ActiveCfg = Release|Any CPU
		{E7FE1F9B-6066-48A2-BE2F-743663CDD6E3}.Debug|Any CPU.Build.0 = Release|Any CPU
		{E7FE1F9B-6066-48A2-BE2F-743663CDD6E3}.Release|Any CPU.ActiveCfg = Release|Any CPU
		{E7FE1F9B-6066-48A2-BE2F-743663CDD6E3}.Release|Any CPU.Build.0 = Release|Any CPU
		{D46B3BA7-4549-4F4E-A7A4-587879C51166}.Debug|Any CPU.ActiveCfg = Release|Any CPU
		{D46B3BA7-4549-4F4E-A7A4-587879C51166}.Debug|Any CPU.Build.0 = Release|Any CPU
		{D46B3BA7-4549-4F4E-A7A4-587879C51166}.Release|Any CPU.ActiveCfg = Release|Any CPU
		{D46B3BA7-4549-4F4E-A7A4-587879C51166}.Release|Any CPU.Build.0 = Release|Any CPU
		{4B48F886-2E0F-402A-A462-5AC4C22E5323}.Debug|Any CPU.ActiveCfg = Release|Any CPU
		{4B48F886-2E0F-402A-A462-5AC4C22E5323}.Debug|Any CPU.Build.0 = Release|Any CPU
		{4B48F886-2E0F-402A-A462-5AC4C22E5323}.Release|Any CPU.ActiveCfg = Release|Any CPU
		{4B48F886-2E0F-402A-A462-5AC4C22E5323}.Release|Any CPU.Build.0 = Release|Any CPU
		{9809A728-D2D3-461E-B6CE-93C2481EF018}.Debug|Any CPU.ActiveCfg = Release|Any CPU
		{9809A728-D2D3-461E-B6CE-93C2481EF018}.Debug|Any CPU.Build.0 = Release|Any CPU
		{9809A728-D2D3-461E-B6CE-93C2481EF018}.Release|Any CPU.ActiveCfg = Release|Any CPU
		{9809A728-D2D3-461E-B6CE-93C2481EF018}.Release|Any CPU.Build.0 = Release|Any CPU
		{EE6BBA16-7E46-49BD-9707-A2069E480302}.Debug|Any CPU.ActiveCfg = Debug|Any CPU
		{EE6BBA16-7E46-49BD-9707-A2069E480302}.Debug|Any CPU.Build.0 = Debug|Any CPU
		{EE6BBA16-7E46-49BD-9707-A2069E480302}.Release|Any CPU.ActiveCfg = Release|Any CPU
		{EE6BBA16-7E46-49BD-9707-A2069E480302}.Release|Any CPU.Build.0 = Release|Any CPU
		{4AB09EFC-8F70-4CCA-9E6D-693F44A7D29F}.Debug|Any CPU.ActiveCfg = Debug|Any CPU
		{4AB09EFC-8F70-4CCA-9E6D-693F44A7D29F}.Debug|Any CPU.Build.0 = Debug|Any CPU
		{4AB09EFC-8F70-4CCA-9E6D-693F44A7D29F}.Release|Any CPU.ActiveCfg = Release|Any CPU
		{4AB09EFC-8F70-4CCA-9E6D-693F44A7D29F}.Release|Any CPU.Build.0 = Release|Any CPU
		{7058A480-4CE1-4A56-99E4-77378379FD77}.Debug|Any CPU.ActiveCfg = Debug|Any CPU
		{7058A480-4CE1-4A56-99E4-77378379FD77}.Debug|Any CPU.Build.0 = Debug|Any CPU
		{7058A480-4CE1-4A56-99E4-77378379FD77}.Release|Any CPU.ActiveCfg = Release|Any CPU
		{7058A480-4CE1-4A56-99E4-77378379FD77}.Release|Any CPU.Build.0 = Release|Any CPU
		{D1E5461B-8A8E-46F7-9AEE-5C1B327E5F2B}.Debug|Any CPU.ActiveCfg = Debug|Any CPU
		{D1E5461B-8A8E-46F7-9AEE-5C1B327E5F2B}.Debug|Any CPU.Build.0 = Debug|Any CPU
		{D1E5461B-8A8E-46F7-9AEE-5C1B327E5F2B}.Release|Any CPU.ActiveCfg = Release|Any CPU
		{D1E5461B-8A8E-46F7-9AEE-5C1B327E5F2B}.Release|Any CPU.Build.0 = Release|Any CPU
		{168B4CC6-8447-41DA-B034-A02F336168E4}.Debug|Any CPU.ActiveCfg = Debug|Any CPU
		{168B4CC6-8447-41DA-B034-A02F336168E4}.Debug|Any CPU.Build.0 = Debug|Any CPU
		{168B4CC6-8447-41DA-B034-A02F336168E4}.Release|Any CPU.ActiveCfg = Release|Any CPU
		{168B4CC6-8447-41DA-B034-A02F336168E4}.Release|Any CPU.Build.0 = Release|Any CPU
		{0E390108-E542-44FE-8711-5E01C5406684}.Debug|Any CPU.ActiveCfg = Debug|Any CPU
		{0E390108-E542-44FE-8711-5E01C5406684}.Debug|Any CPU.Build.0 = Debug|Any CPU
		{0E390108-E542-44FE-8711-5E01C5406684}.Release|Any CPU.ActiveCfg = Release|Any CPU
		{0E390108-E542-44FE-8711-5E01C5406684}.Release|Any CPU.Build.0 = Release|Any CPU
		{26C8FAC6-4F73-445C-A900-CF89CAA75274}.Debug|Any CPU.ActiveCfg = Debug|Any CPU
		{26C8FAC6-4F73-445C-A900-CF89CAA75274}.Debug|Any CPU.Build.0 = Debug|Any CPU
		{26C8FAC6-4F73-445C-A900-CF89CAA75274}.Release|Any CPU.ActiveCfg = Release|Any CPU
		{26C8FAC6-4F73-445C-A900-CF89CAA75274}.Release|Any CPU.Build.0 = Release|Any CPU
		{0AEDFD21-7195-4FDB-A3EF-035640DF48F3}.Debug|Any CPU.ActiveCfg = Debug|Any CPU
		{0AEDFD21-7195-4FDB-A3EF-035640DF48F3}.Debug|Any CPU.Build.0 = Debug|Any CPU
		{0AEDFD21-7195-4FDB-A3EF-035640DF48F3}.Release|Any CPU.ActiveCfg = Release|Any CPU
		{0AEDFD21-7195-4FDB-A3EF-035640DF48F3}.Release|Any CPU.Build.0 = Release|Any CPU
		{64837E01-803D-4F1E-9DFC-D34B38EA78F9}.Debug|Any CPU.ActiveCfg = Debug|Any CPU
		{64837E01-803D-4F1E-9DFC-D34B38EA78F9}.Debug|Any CPU.Build.0 = Debug|Any CPU
		{64837E01-803D-4F1E-9DFC-D34B38EA78F9}.Release|Any CPU.ActiveCfg = Release|Any CPU
		{64837E01-803D-4F1E-9DFC-D34B38EA78F9}.Release|Any CPU.Build.0 = Release|Any CPU
		{F22FACD5-3DA1-4F80-BB8E-DC83A0AB5CDB}.Debug|Any CPU.ActiveCfg = Debug|Any CPU
		{F22FACD5-3DA1-4F80-BB8E-DC83A0AB5CDB}.Debug|Any CPU.Build.0 = Debug|Any CPU
		{F22FACD5-3DA1-4F80-BB8E-DC83A0AB5CDB}.Release|Any CPU.ActiveCfg = Release|Any CPU
		{F22FACD5-3DA1-4F80-BB8E-DC83A0AB5CDB}.Release|Any CPU.Build.0 = Release|Any CPU
		{5317499F-B8BB-4F85-8C5D-A6B01476D810}.Debug|Any CPU.ActiveCfg = Debug|Any CPU
		{5317499F-B8BB-4F85-8C5D-A6B01476D810}.Debug|Any CPU.Build.0 = Debug|Any CPU
		{5317499F-B8BB-4F85-8C5D-A6B01476D810}.Release|Any CPU.ActiveCfg = Release|Any CPU
		{5317499F-B8BB-4F85-8C5D-A6B01476D810}.Release|Any CPU.Build.0 = Release|Any CPU
		{808C25CD-0925-417F-BBF9-CAF9604DA879}.Debug|Any CPU.ActiveCfg = Debug|Any CPU
		{808C25CD-0925-417F-BBF9-CAF9604DA879}.Debug|Any CPU.Build.0 = Debug|Any CPU
		{808C25CD-0925-417F-BBF9-CAF9604DA879}.Release|Any CPU.ActiveCfg = Release|Any CPU
		{808C25CD-0925-417F-BBF9-CAF9604DA879}.Release|Any CPU.Build.0 = Release|Any CPU
	EndGlobalSection
	GlobalSection(SolutionProperties) = preSolution
		HideSolutionNode = FALSE
	EndGlobalSection
	GlobalSection(NestedProjects) = preSolution
		{8207ACB0-A325-42C6-97CB-FB54AE1AE6B8} = {01B37B36-E8F3-419E-953E-C430317B44B3}
		{9D28416C-4266-4296-B8C9-204425C843A5} = {01B37B36-E8F3-419E-953E-C430317B44B3}
		{1930E6D3-9AD0-4811-8772-ECA90C796A1E} = {01B37B36-E8F3-419E-953E-C430317B44B3}
		{F5C12CDA-B811-46EE-879B-8FE26D4D6DCA} = {01B37B36-E8F3-419E-953E-C430317B44B3}
		{E7FE1F9B-6066-48A2-BE2F-743663CDD6E3} = {01B37B36-E8F3-419E-953E-C430317B44B3}
		{4B48F886-2E0F-402A-A462-5AC4C22E5323} = {01B37B36-E8F3-419E-953E-C430317B44B3}
		{9809A728-D2D3-461E-B6CE-93C2481EF018} = {01B37B36-E8F3-419E-953E-C430317B44B3}
		{2AAD22DB-2166-4BE8-AE52-335B21DC03FC} = {CD781BD7-B609-40A6-B54F-F70FF7A94E11}
		{48D9A44A-7120-4C9B-8923-B1AF16B1992F} = {CD781BD7-B609-40A6-B54F-F70FF7A94E11}
		{3A2C932A-9D3A-483B-89A0-9F9C8225B283} = {CD781BD7-B609-40A6-B54F-F70FF7A94E11}
		{48D25A6A-11BC-4F0F-8DD7-15E03A2BCADA} = {CD781BD7-B609-40A6-B54F-F70FF7A94E11}
		{E036EDF5-788C-4892-8D8F-6B1C16DCBD21} = {CD781BD7-B609-40A6-B54F-F70FF7A94E11}
		{861BFEDB-026F-4B6F-A3CF-32843AE8C03D} = {CD781BD7-B609-40A6-B54F-F70FF7A94E11}
		{86709A9C-A149-4EBB-A817-1BF8F4F4BC07} = {CD781BD7-B609-40A6-B54F-F70FF7A94E11}
		{306CBC95-D95A-48E1-941E-F3ECC0CBEE34} = {CD781BD7-B609-40A6-B54F-F70FF7A94E11}
		{59FDCBA7-0F9F-4257-B95A-E37A1CCFE107} = {CD781BD7-B609-40A6-B54F-F70FF7A94E11}
		{9B4B505C-AFA1-4974-8AC8-503F748BD5A2} = {CD781BD7-B609-40A6-B54F-F70FF7A94E11}
		{67E93829-79BD-407E-A4DD-B46CEBB55A41} = {CD781BD7-B609-40A6-B54F-F70FF7A94E11}
		{AEECA321-FD65-407A-8D70-BA5362883B87} = {CD781BD7-B609-40A6-B54F-F70FF7A94E11}
		{D46B3BA7-4549-4F4E-A7A4-587879C51166} = {CD781BD7-B609-40A6-B54F-F70FF7A94E11}
		{EE6BBA16-7E46-49BD-9707-A2069E480302} = {CD781BD7-B609-40A6-B54F-F70FF7A94E11}
		{4AB09EFC-8F70-4CCA-9E6D-693F44A7D29F} = {CD781BD7-B609-40A6-B54F-F70FF7A94E11}
		{7058A480-4CE1-4A56-99E4-77378379FD77} = {CD781BD7-B609-40A6-B54F-F70FF7A94E11}
		{D1E5461B-8A8E-46F7-9AEE-5C1B327E5F2B} = {CD781BD7-B609-40A6-B54F-F70FF7A94E11}
		{168B4CC6-8447-41DA-B034-A02F336168E4} = {CD781BD7-B609-40A6-B54F-F70FF7A94E11}
		{0E390108-E542-44FE-8711-5E01C5406684} = {CD781BD7-B609-40A6-B54F-F70FF7A94E11}
		{26C8FAC6-4F73-445C-A900-CF89CAA75274} = {CD781BD7-B609-40A6-B54F-F70FF7A94E11}
		{0AEDFD21-7195-4FDB-A3EF-035640DF48F3} = {CD781BD7-B609-40A6-B54F-F70FF7A94E11}
		{64837E01-803D-4F1E-9DFC-D34B38EA78F9} = {CD781BD7-B609-40A6-B54F-F70FF7A94E11}
		{F22FACD5-3DA1-4F80-BB8E-DC83A0AB5CDB} = {CD781BD7-B609-40A6-B54F-F70FF7A94E11}
		{5317499F-B8BB-4F85-8C5D-A6B01476D810} = {CD781BD7-B609-40A6-B54F-F70FF7A94E11}
		{808C25CD-0925-417F-BBF9-CAF9604DA879} = {CD781BD7-B609-40A6-B54F-F70FF7A94E11}
	EndGlobalSection
EndGlobal
