
Microsoft Visual Studio Solution File, Format Version 12.00
# Visual Studio 2012
Project("{FAE04EC0-301F-11D3-BF4B-00C04F79EFBC}") = "ACS.EFMODEL", "ACS.EFMODEL\ACS.EFMODEL.csproj", "{76187D64-5BD9-48D2-839F-89B62E0419C4}"
EndProject
Project("{FAE04EC0-301F-11D3-BF4B-00C04F79EFBC}") = "ACS.DAO", "ACS.DAO\ACS.DAO.csproj", "{A43EEE28-B0EB-412A-B7E0-72C0BE78375C}"
EndProject
Project("{FAE04EC0-301F-11D3-BF4B-00C04F79EFBC}") = "ACS.MANAGER", "ACS.MANAGER\ACS.MANAGER.csproj", "{4C003AB6-895F-4C05-9A5A-F760C553BBB8}"
EndProject
Project("{FAE04EC0-301F-11D3-BF4B-00C04F79EFBC}") = "ACS.API", "ACS.API\ACS.API.csproj", "{13BE5145-8900-48AC-AFF7-478EA87A8A79}"
EndProject
Project("{FAE04EC0-301F-11D3-BF4B-00C04F79EFBC}") = "ACS.Filter", "ACS.Filter\ACS.Filter.csproj", "{CD9AAED8-B621-4075-91F7-EDEDA6531B46}"
EndProject
Project("{FAE04EC0-301F-11D3-BF4B-00C04F79EFBC}") = "ACS.SDO", "ACS.SDO\ACS.SDO.csproj", "{47227303-0660-4297-962E-1E0859CE6177}"
EndProject
Project("{FAE04EC0-301F-11D3-BF4B-00C04F79EFBC}") = "ACS.LibraryConfig", "ACS.LibraryConfig\ACS.LibraryConfig.csproj", "{A0D6DB44-1D91-4213-A53D-A5AD8B273075}"
EndProject
Project("{FAE04EC0-301F-11D3-BF4B-00C04F79EFBC}") = "ACS.UTILITY", "ACS.UTILITY\ACS.UTILITY.csproj", "{1869D4B2-D4B3-40EA-AE3C-A83DFA795618}"
EndProject
Project("{FAE04EC0-301F-11D3-BF4B-00C04F79EFBC}") = "ACS.LibraryBug", "ACS.LibraryBug\ACS.LibraryBug.csproj", "{E1420B14-CEDA-43A9-B753-BC61A61ACE04}"
EndProject
Project("{FAE04EC0-301F-11D3-BF4B-00C04F79EFBC}") = "ACS.LibraryMessage", "ACS.LibraryMessage\ACS.LibraryMessage.csproj", "{B877A0D5-3EDE-4265-9228-86D47E3DB6E7}"
EndProject
Project("{FAE04EC0-301F-11D3-BF4B-00C04F79EFBC}") = "ACS.LibraryEventLog", "ACS.LibraryEventLog\ACS.LibraryEventLog.csproj", "{17CEE08F-CAB0-4810-BEAE-EC026360ADD3}"
EndProject
Project("{FAE04EC0-301F-11D3-BF4B-00C04F79EFBC}") = "ACS.LogManager", "ACS.EventLog\ACS.LogManager.csproj", "{DED9CFE6-9792-45EA-9838-E7FAE5991388}"
EndProject
Project("{FAE04EC0-301F-11D3-BF4B-00C04F79EFBC}") = "ACS.ApiConsumerManager", "ACS.ApiConsumer\ACS.ApiConsumerManager.csproj", "{FF00244C-61DA-4970-ADC4-1718D52D0E74}"
EndProject
Project("{FAE04EC0-301F-11D3-BF4B-00C04F79EFBC}") = "ACS.QuartzScheduler", "ACS.QuartzScheduler\ACS.QuartzScheduler.csproj", "{2A591637-FB46-4843-BC58-B3CB12ABF369}"
EndProject
Project("{FAE04EC0-301F-11D3-BF4B-00C04F79EFBC}") = "IMSys.DbConfig.ACS_RS", "..\..\..\DATABASE_NEW\IMSys.DbConfig\IMSys.DbConfig.ACS_RS\IMSys.DbConfig.ACS_RS.csproj", "{4A461B70-FCB2-4550-80A7-247ECDB1A41A}"
EndProject
Global
	GlobalSection(SolutionConfigurationPlatforms) = preSolution
		Debug|Any CPU = Debug|Any CPU
		Release|Any CPU = Release|Any CPU
	EndGlobalSection
	GlobalSection(ProjectConfigurationPlatforms) = postSolution
		{76187D64-5BD9-48D2-839F-89B62E0419C4}.Debug|Any CPU.ActiveCfg = Debug|Any CPU
		{76187D64-5BD9-48D2-839F-89B62E0419C4}.Debug|Any CPU.Build.0 = Debug|Any CPU
		{76187D64-5BD9-48D2-839F-89B62E0419C4}.Release|Any CPU.ActiveCfg = Release|Any CPU
		{76187D64-5BD9-48D2-839F-89B62E0419C4}.Release|Any CPU.Build.0 = Release|Any CPU
		{A43EEE28-B0EB-412A-B7E0-72C0BE78375C}.Debug|Any CPU.ActiveCfg = Debug|Any CPU
		{A43EEE28-B0EB-412A-B7E0-72C0BE78375C}.Debug|Any CPU.Build.0 = Debug|Any CPU
		{A43EEE28-B0EB-412A-B7E0-72C0BE78375C}.Release|Any CPU.ActiveCfg = Release|Any CPU
		{A43EEE28-B0EB-412A-B7E0-72C0BE78375C}.Release|Any CPU.Build.0 = Release|Any CPU
		{4C003AB6-895F-4C05-9A5A-F760C553BBB8}.Debug|Any CPU.ActiveCfg = Debug|Any CPU
		{4C003AB6-895F-4C05-9A5A-F760C553BBB8}.Debug|Any CPU.Build.0 = Debug|Any CPU
		{4C003AB6-895F-4C05-9A5A-F760C553BBB8}.Release|Any CPU.ActiveCfg = Release|Any CPU
		{4C003AB6-895F-4C05-9A5A-F760C553BBB8}.Release|Any CPU.Build.0 = Release|Any CPU
		{13BE5145-8900-48AC-AFF7-478EA87A8A79}.Debug|Any CPU.ActiveCfg = Debug|Any CPU
		{13BE5145-8900-48AC-AFF7-478EA87A8A79}.Debug|Any CPU.Build.0 = Debug|Any CPU
		{13BE5145-8900-48AC-AFF7-478EA87A8A79}.Release|Any CPU.ActiveCfg = Release|Any CPU
		{13BE5145-8900-48AC-AFF7-478EA87A8A79}.Release|Any CPU.Build.0 = Release|Any CPU
		{CD9AAED8-B621-4075-91F7-EDEDA6531B46}.Debug|Any CPU.ActiveCfg = Debug|Any CPU
		{CD9AAED8-B621-4075-91F7-EDEDA6531B46}.Debug|Any CPU.Build.0 = Debug|Any CPU
		{CD9AAED8-B621-4075-91F7-EDEDA6531B46}.Release|Any CPU.ActiveCfg = Release|Any CPU
		{CD9AAED8-B621-4075-91F7-EDEDA6531B46}.Release|Any CPU.Build.0 = Release|Any CPU
		{47227303-0660-4297-962E-1E0859CE6177}.Debug|Any CPU.ActiveCfg = Debug|Any CPU
		{47227303-0660-4297-962E-1E0859CE6177}.Debug|Any CPU.Build.0 = Debug|Any CPU
		{47227303-0660-4297-962E-1E0859CE6177}.Release|Any CPU.ActiveCfg = Release|Any CPU
		{47227303-0660-4297-962E-1E0859CE6177}.Release|Any CPU.Build.0 = Release|Any CPU
		{A0D6DB44-1D91-4213-A53D-A5AD8B273075}.Debug|Any CPU.ActiveCfg = Debug|Any CPU
		{A0D6DB44-1D91-4213-A53D-A5AD8B273075}.Debug|Any CPU.Build.0 = Debug|Any CPU
		{A0D6DB44-1D91-4213-A53D-A5AD8B273075}.Release|Any CPU.ActiveCfg = Release|Any CPU
		{A0D6DB44-1D91-4213-A53D-A5AD8B273075}.Release|Any CPU.Build.0 = Release|Any CPU
		{1869D4B2-D4B3-40EA-AE3C-A83DFA795618}.Debug|Any CPU.ActiveCfg = Debug|Any CPU
		{1869D4B2-D4B3-40EA-AE3C-A83DFA795618}.Debug|Any CPU.Build.0 = Debug|Any CPU
		{1869D4B2-D4B3-40EA-AE3C-A83DFA795618}.Release|Any CPU.ActiveCfg = Release|Any CPU
		{1869D4B2-D4B3-40EA-AE3C-A83DFA795618}.Release|Any CPU.Build.0 = Release|Any CPU
		{E1420B14-CEDA-43A9-B753-BC61A61ACE04}.Debug|Any CPU.ActiveCfg = Debug|Any CPU
		{E1420B14-CEDA-43A9-B753-BC61A61ACE04}.Debug|Any CPU.Build.0 = Debug|Any CPU
		{E1420B14-CEDA-43A9-B753-BC61A61ACE04}.Release|Any CPU.ActiveCfg = Release|Any CPU
		{E1420B14-CEDA-43A9-B753-BC61A61ACE04}.Release|Any CPU.Build.0 = Release|Any CPU
		{B877A0D5-3EDE-4265-9228-86D47E3DB6E7}.Debug|Any CPU.ActiveCfg = Debug|Any CPU
		{B877A0D5-3EDE-4265-9228-86D47E3DB6E7}.Debug|Any CPU.Build.0 = Debug|Any CPU
		{B877A0D5-3EDE-4265-9228-86D47E3DB6E7}.Release|Any CPU.ActiveCfg = Release|Any CPU
		{B877A0D5-3EDE-4265-9228-86D47E3DB6E7}.Release|Any CPU.Build.0 = Release|Any CPU
		{17CEE08F-CAB0-4810-BEAE-EC026360ADD3}.Debug|Any CPU.ActiveCfg = Debug|Any CPU
		{17CEE08F-CAB0-4810-BEAE-EC026360ADD3}.Debug|Any CPU.Build.0 = Debug|Any CPU
		{17CEE08F-CAB0-4810-BEAE-EC026360ADD3}.Release|Any CPU.ActiveCfg = Release|Any CPU
		{17CEE08F-CAB0-4810-BEAE-EC026360ADD3}.Release|Any CPU.Build.0 = Release|Any CPU
		{DED9CFE6-9792-45EA-9838-E7FAE5991388}.Debug|Any CPU.ActiveCfg = Debug|Any CPU
		{DED9CFE6-9792-45EA-9838-E7FAE5991388}.Debug|Any CPU.Build.0 = Debug|Any CPU
		{DED9CFE6-9792-45EA-9838-E7FAE5991388}.Release|Any CPU.ActiveCfg = Release|Any CPU
		{DED9CFE6-9792-45EA-9838-E7FAE5991388}.Release|Any CPU.Build.0 = Release|Any CPU
		{FF00244C-61DA-4970-ADC4-1718D52D0E74}.Debug|Any CPU.ActiveCfg = Debug|Any CPU
		{FF00244C-61DA-4970-ADC4-1718D52D0E74}.Debug|Any CPU.Build.0 = Debug|Any CPU
		{FF00244C-61DA-4970-ADC4-1718D52D0E74}.Release|Any CPU.ActiveCfg = Release|Any CPU
		{FF00244C-61DA-4970-ADC4-1718D52D0E74}.Release|Any CPU.Build.0 = Release|Any CPU
		{2A591637-FB46-4843-BC58-B3CB12ABF369}.Debug|Any CPU.ActiveCfg = Debug|Any CPU
		{2A591637-FB46-4843-BC58-B3CB12ABF369}.Debug|Any CPU.Build.0 = Debug|Any CPU
		{2A591637-FB46-4843-BC58-B3CB12ABF369}.Release|Any CPU.ActiveCfg = Release|Any CPU
		{2A591637-FB46-4843-BC58-B3CB12ABF369}.Release|Any CPU.Build.0 = Release|Any CPU
		{4A461B70-FCB2-4550-80A7-247ECDB1A41A}.Debug|Any CPU.ActiveCfg = Debug|Any CPU
		{4A461B70-FCB2-4550-80A7-247ECDB1A41A}.Debug|Any CPU.Build.0 = Debug|Any CPU
		{4A461B70-FCB2-4550-80A7-247ECDB1A41A}.Release|Any CPU.ActiveCfg = Release|Any CPU
		{4A461B70-FCB2-4550-80A7-247ECDB1A41A}.Release|Any CPU.Build.0 = Release|Any CPU
	EndGlobalSection
	GlobalSection(SolutionProperties) = preSolution
		HideSolutionNode = FALSE
	EndGlobalSection
EndGlobal
