
Microsoft Visual Studio Solution File, Format Version 12.00
# Visual Studio 2012
Project("{FAE04EC0-301F-11D3-BF4B-00C04F79EFBC}") = "MOS.EFMODEL", "MOS.EFMODEL\MOS.EFMODEL.csproj", "{76187D64-5BD9-48D2-839F-89B62E0419C4}"
EndProject
Project("{FAE04EC0-301F-11D3-BF4B-00C04F79EFBC}") = "MOS.DAO", "MOS.DAO\MOS.DAO.csproj", "{A43EEE28-B0EB-412A-B7E0-72C0BE78375C}"
EndProject
Project("{FAE04EC0-301F-11D3-BF4B-00C04F79EFBC}") = "MOS.MANAGER", "MOS.MANAGER\MOS.MANAGER.csproj", "{4C003AB6-895F-4C05-9A5A-F760C553BBB8}"
EndProject
Project("{FAE04EC0-301F-11D3-BF4B-00C04F79EFBC}") = "MOS.API", "MOS.API\MOS.API.csproj", "{13BE5145-8900-48AC-AFF7-478EA87A8A79}"
EndProject
Project("{FAE04EC0-301F-11D3-BF4B-00C04F79EFBC}") = "MOS.Filter", "MOS.Filter\MOS.Filter.csproj", "{CD9AAED8-B621-4075-91F7-EDEDA6531B46}"
EndProject
Project("{FAE04EC0-301F-11D3-BF4B-00C04F79EFBC}") = "MOS.SDO", "MOS.SDO\MOS.SDO.csproj", "{47227303-0660-4297-962E-1E0859CE6177}"
EndProject
Project("{FAE04EC0-301F-11D3-BF4B-00C04F79EFBC}") = "MOS.UTILITY", "MOS.UTILITY\MOS.UTILITY.csproj", "{1869D4B2-D4B3-40EA-AE3C-A83DFA795618}"
EndProject
Project("{FAE04EC0-301F-11D3-BF4B-00C04F79EFBC}") = "MOS.LibraryBug", "MOS.LibraryBug\MOS.LibraryBug.csproj", "{E1420B14-CEDA-43A9-B753-BC61A61ACE04}"
EndProject
Project("{FAE04EC0-301F-11D3-BF4B-00C04F79EFBC}") = "MOS.LibraryMessage", "MOS.LibraryMessage\MOS.LibraryMessage.csproj", "{B877A0D5-3EDE-4265-9228-86D47E3DB6E7}"
EndProject
Project("{FAE04EC0-301F-11D3-BF4B-00C04F79EFBC}") = "MOS.LibraryHein.Bhyt", "MOS.LibraryHein\MOS.LibraryHein.Bhyt.csproj", "{FFD6CB67-8303-41C6-939C-EFA5C4CB873C}"
EndProject
Project("{FAE04EC0-301F-11D3-BF4B-00C04F79EFBC}") = "MOS.TDO", "MOS.TDO\MOS.TDO.csproj", "{A956BFCB-3DA8-4B16-9764-E73009598E11}"
EndProject
Project("{FAE04EC0-301F-11D3-BF4B-00C04F79EFBC}") = "MOS.LibraryHein.Common", "MOS.LibraryHein.Common\MOS.LibraryHein.Common.csproj", "{4CC69C50-C6F8-4B7F-86CB-484EEFCDD1DB}"
EndProject
Project("{FAE04EC0-301F-11D3-BF4B-00C04F79EFBC}") = "MOS.LibraryHein.OtherHein", "MOS.LibraryHein.OtherHein\MOS.LibraryHein.OtherHein.csproj", "{BD9E9E63-2F0D-4A62-A379-8EF2E877B0A5}"
EndProject
Project("{FAE04EC0-301F-11D3-BF4B-00C04F79EFBC}") = "MOS.ServicePaty", "MOS.HisServicePaty\MOS.ServicePaty.csproj", "{641B89ED-A7BB-4D3B-B39E-940C4EB1D70E}"
EndProject
Project("{FAE04EC0-301F-11D3-BF4B-00C04F79EFBC}") = "MOS.LIS.RocheFile", "MOS.LIS.RocheFile\MOS.LIS.RocheFile.csproj", "{98C04B5B-7D17-4368-B9CE-FEAAC2954129}"
EndProject
Project("{FAE04EC0-301F-11D3-BF4B-00C04F79EFBC}") = "MOS.LibraryEventLog", "MOS.LibraryEventLog\MOS.LibraryEventLog.csproj", "{308A1707-4201-42C9-B30E-F8E98E779630}"
EndProject
Project("{FAE04EC0-301F-11D3-BF4B-00C04F79EFBC}") = "MOS.LogManager", "MOS.EventLog\MOS.LogManager.csproj", "{DED9CFE6-9792-45EA-9838-E7FAE5991388}"
EndProject
Project("{FAE04EC0-301F-11D3-BF4B-00C04F79EFBC}") = "MOS.ApiConsumerManager", "MOS.ApiConsumer\MOS.ApiConsumerManager.csproj", "{FF00244C-61DA-4970-ADC4-1718D52D0E74}"
EndProject
Project("{FAE04EC0-301F-11D3-BF4B-00C04F79EFBC}") = "MOS.OracleUDT", "MOS.OracleUdt\MOS.OracleUDT.csproj", "{EFC0DB9A-9DE2-45AE-9D5F-EB4424BC9716}"
EndProject
Project("{FAE04EC0-301F-11D3-BF4B-00C04F79EFBC}") = "MOS.QuartzScheduler", "MOS.QuartzScheduler\MOS.QuartzScheduler.csproj", "{2A591637-FB46-4843-BC58-B3CB12ABF369}"
EndProject
Project("{FAE04EC0-301F-11D3-BF4B-00C04F79EFBC}") = "MOS.SereServPrice", "MOS.SereServPrice\MOS.SereServPrice.csproj", "{96F58ABA-5039-40F2-8031-D7E0134A8683}"
EndProject
Project("{FAE04EC0-301F-11D3-BF4B-00C04F79EFBC}") = "MOS.LIS.RocheV2", "MOS.LIS.RocheV2\MOS.LIS.RocheV2.csproj", "{A8B6A686-FB82-4FF3-B0B7-3AAA2B010C55}"
EndProject
Project("{FAE04EC0-301F-11D3-BF4B-00C04F79EFBC}") = "MOS.HRM", "MOS.HRM\MOS.HRM.csproj", "{46C9A69B-54F4-4477-AC48-DE738DDCA73F}"
EndProject
Project("{FAE04EC0-301F-11D3-BF4B-00C04F79EFBC}") = "MOS.OldSystem", "MOS.OldSystem\MOS.OldSystem.csproj", "{69455BC0-23D1-443A-9391-7ED71EF57561}"
EndProject
Project("{FAE04EC0-301F-11D3-BF4B-00C04F79EFBC}") = "MOS.LibraryBillTwoBook", "MOS.LibraryBillTwoBook\MOS.LibraryBillTwoBook.csproj", "{A80D21E6-BD51-4DCE-9661-2DE51F9EBD28}"
EndProject
Project("{FAE04EC0-301F-11D3-BF4B-00C04F79EFBC}") = "MOS.DynamicDTO", "MOS.DynamicDTO\MOS.DynamicDTO.csproj", "{66A69D46-1F2D-4EDC-B852-88C65EC6C1F9}"
EndProject
Project("{FAE04EC0-301F-11D3-BF4B-00C04F79EFBC}") = "MOS.Dashboard", "MOS.Dashboard\MOS.Dashboard.csproj", "{D5013265-6EC6-46AD-BB32-B2EA35701ABB}"
EndProject
Project("{FAE04EC0-301F-11D3-BF4B-00C04F79EFBC}") = "MOS.Dashboard.Filter", "MOS.Dashboard.Filter\MOS.Dashboard.Filter.csproj", "{ABF90D0B-E7BA-4895-9328-B98119B00725}"
EndProject
Project("{FAE04EC0-301F-11D3-BF4B-00C04F79EFBC}") = "MOS.Dashboard.DDO", "MOS.Dashboard.DDO\MOS.Dashboard.DDO.csproj", "{F9F69D1A-8FF6-4D2E-A66D-3353A8AB9042}"
EndProject
Project("{FAE04EC0-301F-11D3-BF4B-00C04F79EFBC}") = "MOS.PACS.Fhir", "MOS.PACS.Fhir\MOS.PACS.Fhir.csproj", "{CF7FA994-2C1E-472A-BD65-26C11EFD3335}"
EndProject
Project("{FAE04EC0-301F-11D3-BF4B-00C04F79EFBC}") = "MOS.LIS.RocheV3", "MOS.LIS.RocheV3\MOS.LIS.RocheV3.csproj", "{18F13D0F-6A8F-49EE-8DA7-FB17728DEE54}"
EndProject
Project("{FAE04EC0-301F-11D3-BF4B-00C04F79EFBC}") = "MOS.PACS.HL7", "MOS.PACS.HL7\MOS.PACS.HL7.csproj", "{36C9A098-3989-4F72-BE63-3784F12769D9}"
EndProject
Project("{FAE04EC0-301F-11D3-BF4B-00C04F79EFBC}") = "MOS.PubSub", "MOS.PubSub\MOS.PubSub.csproj", "{76A6062F-CAC9-4304-909B-442977E613B6}"
EndProject
Project("{FAE04EC0-301F-11D3-BF4B-00C04F79EFBC}") = "MOS.KskSignData", "MOS.KskSignData\MOS.KskSignData.csproj", "{79BC6EDF-5B4A-4D08-8A41-B9DC198F6BAC}"
EndProject
Global
	GlobalSection(SolutionConfigurationPlatforms) = preSolution
		Debug|Any CPU = Debug|Any CPU
		Release|Any CPU = Release|Any CPU
	EndGlobalSection
	GlobalSection(ProjectConfigurationPlatforms) = postSolution
		{76187D64-5BD9-48D2-839F-89B62E0419C4}.Debug|Any CPU.ActiveCfg = Debug|Any CPU
		{76187D64-5BD9-48D2-839F-89B62E0419C4}.Debug|Any CPU.Build.0 = Debug|Any CPU
		{76187D64-5BD9-48D2-839F-89B62E0419C4}.Release|Any CPU.ActiveCfg = Release|Any CPU
		{76187D64-5BD9-48D2-839F-89B62E0419C4}.Release|Any CPU.Build.0 = Release|Any CPU
		{A43EEE28-B0EB-412A-B7E0-72C0BE78375C}.Debug|Any CPU.ActiveCfg = Debug|Any CPU
		{A43EEE28-B0EB-412A-B7E0-72C0BE78375C}.Debug|Any CPU.Build.0 = Debug|Any CPU
		{A43EEE28-B0EB-412A-B7E0-72C0BE78375C}.Release|Any CPU.ActiveCfg = Release|Any CPU
		{A43EEE28-B0EB-412A-B7E0-72C0BE78375C}.Release|Any CPU.Build.0 = Release|Any CPU
		{4C003AB6-895F-4C05-9A5A-F760C553BBB8}.Debug|Any CPU.ActiveCfg = Debug|Any CPU
		{4C003AB6-895F-4C05-9A5A-F760C553BBB8}.Debug|Any CPU.Build.0 = Debug|Any CPU
		{4C003AB6-895F-4C05-9A5A-F760C553BBB8}.Release|Any CPU.ActiveCfg = Release|Any CPU
		{4C003AB6-895F-4C05-9A5A-F760C553BBB8}.Release|Any CPU.Build.0 = Release|Any CPU
		{13BE5145-8900-48AC-AFF7-478EA87A8A79}.Debug|Any CPU.ActiveCfg = Debug|Any CPU
		{13BE5145-8900-48AC-AFF7-478EA87A8A79}.Debug|Any CPU.Build.0 = Debug|Any CPU
		{13BE5145-8900-48AC-AFF7-478EA87A8A79}.Release|Any CPU.ActiveCfg = Release|Any CPU
		{13BE5145-8900-48AC-AFF7-478EA87A8A79}.Release|Any CPU.Build.0 = Release|Any CPU
		{CD9AAED8-B621-4075-91F7-EDEDA6531B46}.Debug|Any CPU.ActiveCfg = Debug|Any CPU
		{CD9AAED8-B621-4075-91F7-EDEDA6531B46}.Debug|Any CPU.Build.0 = Debug|Any CPU
		{CD9AAED8-B621-4075-91F7-EDEDA6531B46}.Release|Any CPU.ActiveCfg = Release|Any CPU
		{CD9AAED8-B621-4075-91F7-EDEDA6531B46}.Release|Any CPU.Build.0 = Release|Any CPU
		{47227303-0660-4297-962E-1E0859CE6177}.Debug|Any CPU.ActiveCfg = Debug|Any CPU
		{47227303-0660-4297-962E-1E0859CE6177}.Debug|Any CPU.Build.0 = Debug|Any CPU
		{47227303-0660-4297-962E-1E0859CE6177}.Release|Any CPU.ActiveCfg = Release|Any CPU
		{47227303-0660-4297-962E-1E0859CE6177}.Release|Any CPU.Build.0 = Release|Any CPU
		{1869D4B2-D4B3-40EA-AE3C-A83DFA795618}.Debug|Any CPU.ActiveCfg = Debug|Any CPU
		{1869D4B2-D4B3-40EA-AE3C-A83DFA795618}.Debug|Any CPU.Build.0 = Debug|Any CPU
		{1869D4B2-D4B3-40EA-AE3C-A83DFA795618}.Release|Any CPU.ActiveCfg = Release|Any CPU
		{1869D4B2-D4B3-40EA-AE3C-A83DFA795618}.Release|Any CPU.Build.0 = Release|Any CPU
		{E1420B14-CEDA-43A9-B753-BC61A61ACE04}.Debug|Any CPU.ActiveCfg = Debug|Any CPU
		{E1420B14-CEDA-43A9-B753-BC61A61ACE04}.Debug|Any CPU.Build.0 = Debug|Any CPU
		{E1420B14-CEDA-43A9-B753-BC61A61ACE04}.Release|Any CPU.ActiveCfg = Release|Any CPU
		{E1420B14-CEDA-43A9-B753-BC61A61ACE04}.Release|Any CPU.Build.0 = Release|Any CPU
		{B877A0D5-3EDE-4265-9228-86D47E3DB6E7}.Debug|Any CPU.ActiveCfg = Debug|Any CPU
		{B877A0D5-3EDE-4265-9228-86D47E3DB6E7}.Debug|Any CPU.Build.0 = Debug|Any CPU
		{B877A0D5-3EDE-4265-9228-86D47E3DB6E7}.Release|Any CPU.ActiveCfg = Release|Any CPU
		{B877A0D5-3EDE-4265-9228-86D47E3DB6E7}.Release|Any CPU.Build.0 = Release|Any CPU
		{FFD6CB67-8303-41C6-939C-EFA5C4CB873C}.Debug|Any CPU.ActiveCfg = Debug|Any CPU
		{FFD6CB67-8303-41C6-939C-EFA5C4CB873C}.Debug|Any CPU.Build.0 = Debug|Any CPU
		{FFD6CB67-8303-41C6-939C-EFA5C4CB873C}.Release|Any CPU.ActiveCfg = Release|Any CPU
		{FFD6CB67-8303-41C6-939C-EFA5C4CB873C}.Release|Any CPU.Build.0 = Release|Any CPU
		{A956BFCB-3DA8-4B16-9764-E73009598E11}.Debug|Any CPU.ActiveCfg = Debug|Any CPU
		{A956BFCB-3DA8-4B16-9764-E73009598E11}.Debug|Any CPU.Build.0 = Debug|Any CPU
		{A956BFCB-3DA8-4B16-9764-E73009598E11}.Release|Any CPU.ActiveCfg = Release|Any CPU
		{A956BFCB-3DA8-4B16-9764-E73009598E11}.Release|Any CPU.Build.0 = Release|Any CPU
		{4CC69C50-C6F8-4B7F-86CB-484EEFCDD1DB}.Debug|Any CPU.ActiveCfg = Debug|Any CPU
		{4CC69C50-C6F8-4B7F-86CB-484EEFCDD1DB}.Debug|Any CPU.Build.0 = Debug|Any CPU
		{4CC69C50-C6F8-4B7F-86CB-484EEFCDD1DB}.Release|Any CPU.ActiveCfg = Release|Any CPU
		{4CC69C50-C6F8-4B7F-86CB-484EEFCDD1DB}.Release|Any CPU.Build.0 = Release|Any CPU
		{BD9E9E63-2F0D-4A62-A379-8EF2E877B0A5}.Debug|Any CPU.ActiveCfg = Debug|Any CPU
		{BD9E9E63-2F0D-4A62-A379-8EF2E877B0A5}.Debug|Any CPU.Build.0 = Debug|Any CPU
		{BD9E9E63-2F0D-4A62-A379-8EF2E877B0A5}.Release|Any CPU.ActiveCfg = Release|Any CPU
		{BD9E9E63-2F0D-4A62-A379-8EF2E877B0A5}.Release|Any CPU.Build.0 = Release|Any CPU
		{641B89ED-A7BB-4D3B-B39E-940C4EB1D70E}.Debug|Any CPU.ActiveCfg = Debug|Any CPU
		{641B89ED-A7BB-4D3B-B39E-940C4EB1D70E}.Debug|Any CPU.Build.0 = Debug|Any CPU
		{641B89ED-A7BB-4D3B-B39E-940C4EB1D70E}.Release|Any CPU.ActiveCfg = Release|Any CPU
		{641B89ED-A7BB-4D3B-B39E-940C4EB1D70E}.Release|Any CPU.Build.0 = Release|Any CPU
		{98C04B5B-7D17-4368-B9CE-FEAAC2954129}.Debug|Any CPU.ActiveCfg = Debug|Any CPU
		{98C04B5B-7D17-4368-B9CE-FEAAC2954129}.Debug|Any CPU.Build.0 = Debug|Any CPU
		{98C04B5B-7D17-4368-B9CE-FEAAC2954129}.Release|Any CPU.ActiveCfg = Release|Any CPU
		{98C04B5B-7D17-4368-B9CE-FEAAC2954129}.Release|Any CPU.Build.0 = Release|Any CPU
		{308A1707-4201-42C9-B30E-F8E98E779630}.Debug|Any CPU.ActiveCfg = Debug|Any CPU
		{308A1707-4201-42C9-B30E-F8E98E779630}.Debug|Any CPU.Build.0 = Debug|Any CPU
		{308A1707-4201-42C9-B30E-F8E98E779630}.Release|Any CPU.ActiveCfg = Release|Any CPU
		{308A1707-4201-42C9-B30E-F8E98E779630}.Release|Any CPU.Build.0 = Release|Any CPU
		{DED9CFE6-9792-45EA-9838-E7FAE5991388}.Debug|Any CPU.ActiveCfg = Debug|Any CPU
		{DED9CFE6-9792-45EA-9838-E7FAE5991388}.Debug|Any CPU.Build.0 = Debug|Any CPU
		{DED9CFE6-9792-45EA-9838-E7FAE5991388}.Release|Any CPU.ActiveCfg = Release|Any CPU
		{DED9CFE6-9792-45EA-9838-E7FAE5991388}.Release|Any CPU.Build.0 = Release|Any CPU
		{FF00244C-61DA-4970-ADC4-1718D52D0E74}.Debug|Any CPU.ActiveCfg = Debug|Any CPU
		{FF00244C-61DA-4970-ADC4-1718D52D0E74}.Debug|Any CPU.Build.0 = Debug|Any CPU
		{FF00244C-61DA-4970-ADC4-1718D52D0E74}.Release|Any CPU.ActiveCfg = Release|Any CPU
		{FF00244C-61DA-4970-ADC4-1718D52D0E74}.Release|Any CPU.Build.0 = Release|Any CPU
		{EFC0DB9A-9DE2-45AE-9D5F-EB4424BC9716}.Debug|Any CPU.ActiveCfg = Debug|Any CPU
		{EFC0DB9A-9DE2-45AE-9D5F-EB4424BC9716}.Debug|Any CPU.Build.0 = Debug|Any CPU
		{EFC0DB9A-9DE2-45AE-9D5F-EB4424BC9716}.Release|Any CPU.ActiveCfg = Release|Any CPU
		{EFC0DB9A-9DE2-45AE-9D5F-EB4424BC9716}.Release|Any CPU.Build.0 = Release|Any CPU
		{2A591637-FB46-4843-BC58-B3CB12ABF369}.Debug|Any CPU.ActiveCfg = Debug|Any CPU
		{2A591637-FB46-4843-BC58-B3CB12ABF369}.Debug|Any CPU.Build.0 = Debug|Any CPU
		{2A591637-FB46-4843-BC58-B3CB12ABF369}.Release|Any CPU.ActiveCfg = Release|Any CPU
		{2A591637-FB46-4843-BC58-B3CB12ABF369}.Release|Any CPU.Build.0 = Release|Any CPU
		{96F58ABA-5039-40F2-8031-D7E0134A8683}.Debug|Any CPU.ActiveCfg = Debug|Any CPU
		{96F58ABA-5039-40F2-8031-D7E0134A8683}.Debug|Any CPU.Build.0 = Debug|Any CPU
		{96F58ABA-5039-40F2-8031-D7E0134A8683}.Release|Any CPU.ActiveCfg = Release|Any CPU
		{96F58ABA-5039-40F2-8031-D7E0134A8683}.Release|Any CPU.Build.0 = Release|Any CPU
		{A8B6A686-FB82-4FF3-B0B7-3AAA2B010C55}.Debug|Any CPU.ActiveCfg = Debug|Any CPU
		{A8B6A686-FB82-4FF3-B0B7-3AAA2B010C55}.Debug|Any CPU.Build.0 = Debug|Any CPU
		{A8B6A686-FB82-4FF3-B0B7-3AAA2B010C55}.Release|Any CPU.ActiveCfg = Release|Any CPU
		{A8B6A686-FB82-4FF3-B0B7-3AAA2B010C55}.Release|Any CPU.Build.0 = Release|Any CPU
		{46C9A69B-54F4-4477-AC48-DE738DDCA73F}.Debug|Any CPU.ActiveCfg = Debug|Any CPU
		{46C9A69B-54F4-4477-AC48-DE738DDCA73F}.Debug|Any CPU.Build.0 = Debug|Any CPU
		{46C9A69B-54F4-4477-AC48-DE738DDCA73F}.Release|Any CPU.ActiveCfg = Release|Any CPU
		{46C9A69B-54F4-4477-AC48-DE738DDCA73F}.Release|Any CPU.Build.0 = Release|Any CPU
		{69455BC0-23D1-443A-9391-7ED71EF57561}.Debug|Any CPU.ActiveCfg = Debug|Any CPU
		{69455BC0-23D1-443A-9391-7ED71EF57561}.Debug|Any CPU.Build.0 = Debug|Any CPU
		{69455BC0-23D1-443A-9391-7ED71EF57561}.Release|Any CPU.ActiveCfg = Release|Any CPU
		{69455BC0-23D1-443A-9391-7ED71EF57561}.Release|Any CPU.Build.0 = Release|Any CPU
		{A80D21E6-BD51-4DCE-9661-2DE51F9EBD28}.Debug|Any CPU.ActiveCfg = Debug|Any CPU
		{A80D21E6-BD51-4DCE-9661-2DE51F9EBD28}.Debug|Any CPU.Build.0 = Debug|Any CPU
		{A80D21E6-BD51-4DCE-9661-2DE51F9EBD28}.Release|Any CPU.ActiveCfg = Release|Any CPU
		{A80D21E6-BD51-4DCE-9661-2DE51F9EBD28}.Release|Any CPU.Build.0 = Release|Any CPU
		{66A69D46-1F2D-4EDC-B852-88C65EC6C1F9}.Debug|Any CPU.ActiveCfg = Debug|Any CPU
		{66A69D46-1F2D-4EDC-B852-88C65EC6C1F9}.Debug|Any CPU.Build.0 = Debug|Any CPU
		{66A69D46-1F2D-4EDC-B852-88C65EC6C1F9}.Release|Any CPU.ActiveCfg = Release|Any CPU
		{66A69D46-1F2D-4EDC-B852-88C65EC6C1F9}.Release|Any CPU.Build.0 = Release|Any CPU
		{D5013265-6EC6-46AD-BB32-B2EA35701ABB}.Debug|Any CPU.ActiveCfg = Debug|Any CPU
		{D5013265-6EC6-46AD-BB32-B2EA35701ABB}.Debug|Any CPU.Build.0 = Debug|Any CPU
		{D5013265-6EC6-46AD-BB32-B2EA35701ABB}.Release|Any CPU.ActiveCfg = Release|Any CPU
		{D5013265-6EC6-46AD-BB32-B2EA35701ABB}.Release|Any CPU.Build.0 = Release|Any CPU
		{ABF90D0B-E7BA-4895-9328-B98119B00725}.Debug|Any CPU.ActiveCfg = Debug|Any CPU
		{ABF90D0B-E7BA-4895-9328-B98119B00725}.Debug|Any CPU.Build.0 = Debug|Any CPU
		{ABF90D0B-E7BA-4895-9328-B98119B00725}.Release|Any CPU.ActiveCfg = Release|Any CPU
		{ABF90D0B-E7BA-4895-9328-B98119B00725}.Release|Any CPU.Build.0 = Release|Any CPU
		{F9F69D1A-8FF6-4D2E-A66D-3353A8AB9042}.Debug|Any CPU.ActiveCfg = Debug|Any CPU
		{F9F69D1A-8FF6-4D2E-A66D-3353A8AB9042}.Debug|Any CPU.Build.0 = Debug|Any CPU
		{F9F69D1A-8FF6-4D2E-A66D-3353A8AB9042}.Release|Any CPU.ActiveCfg = Release|Any CPU
		{F9F69D1A-8FF6-4D2E-A66D-3353A8AB9042}.Release|Any CPU.Build.0 = Release|Any CPU
		{CF7FA994-2C1E-472A-BD65-26C11EFD3335}.Debug|Any CPU.ActiveCfg = Debug|Any CPU
		{CF7FA994-2C1E-472A-BD65-26C11EFD3335}.Debug|Any CPU.Build.0 = Debug|Any CPU
		{CF7FA994-2C1E-472A-BD65-26C11EFD3335}.Release|Any CPU.ActiveCfg = Release|Any CPU
		{CF7FA994-2C1E-472A-BD65-26C11EFD3335}.Release|Any CPU.Build.0 = Release|Any CPU
		{18F13D0F-6A8F-49EE-8DA7-FB17728DEE54}.Debug|Any CPU.ActiveCfg = Debug|Any CPU
		{18F13D0F-6A8F-49EE-8DA7-FB17728DEE54}.Debug|Any CPU.Build.0 = Debug|Any CPU
		{18F13D0F-6A8F-49EE-8DA7-FB17728DEE54}.Release|Any CPU.ActiveCfg = Release|Any CPU
		{18F13D0F-6A8F-49EE-8DA7-FB17728DEE54}.Release|Any CPU.Build.0 = Release|Any CPU
		{36C9A098-3989-4F72-BE63-3784F12769D9}.Debug|Any CPU.ActiveCfg = Debug|Any CPU
		{36C9A098-3989-4F72-BE63-3784F12769D9}.Debug|Any CPU.Build.0 = Debug|Any CPU
		{36C9A098-3989-4F72-BE63-3784F12769D9}.Release|Any CPU.ActiveCfg = Release|Any CPU
		{36C9A098-3989-4F72-BE63-3784F12769D9}.Release|Any CPU.Build.0 = Release|Any CPU
		{76A6062F-CAC9-4304-909B-442977E613B6}.Debug|Any CPU.ActiveCfg = Debug|Any CPU
		{76A6062F-CAC9-4304-909B-442977E613B6}.Debug|Any CPU.Build.0 = Debug|Any CPU
		{76A6062F-CAC9-4304-909B-442977E613B6}.Release|Any CPU.ActiveCfg = Release|Any CPU
		{76A6062F-CAC9-4304-909B-442977E613B6}.Release|Any CPU.Build.0 = Release|Any CPU
		{79BC6EDF-5B4A-4D08-8A41-B9DC198F6BAC}.Debug|Any CPU.ActiveCfg = Debug|Any CPU
		{79BC6EDF-5B4A-4D08-8A41-B9DC198F6BAC}.Debug|Any CPU.Build.0 = Debug|Any CPU
		{79BC6EDF-5B4A-4D08-8A41-B9DC198F6BAC}.Release|Any CPU.ActiveCfg = Release|Any CPU
		{79BC6EDF-5B4A-4D08-8A41-B9DC198F6BAC}.Release|Any CPU.Build.0 = Release|Any CPU
	EndGlobalSection
	GlobalSection(SolutionProperties) = preSolution
		HideSolutionNode = FALSE
	EndGlobalSection
EndGlobal
