
Microsoft Visual Studio Solution File, Format Version 12.00
# Visual Studio 2012
Project("{FAE04EC0-301F-11D3-BF4B-00C04F79EFBC}") = "SAR.DAO", "SAR.DAO\SAR.DAO.csproj", "{9B04CFDB-20C8-413F-91DF-A5309092B035}"
EndProject
Project("{FAE04EC0-301F-11D3-BF4B-00C04F79EFBC}") = "SAR.Filter", "SAR.Filter\SAR.Filter.csproj", "{AB7B5BEB-ABB9-4F1D-9DE0-C077D7FAAE87}"
EndProject
Project("{FAE04EC0-301F-11D3-BF4B-00C04F79EFBC}") = "SAR.MANAGER", "SAR.MANAGER\SAR.MANAGER.csproj", "{1C7CB687-4C46-4EC8-A2B2-497DDCB3E34F}"
EndProject
Project("{FAE04EC0-301F-11D3-BF4B-00C04F79EFBC}") = "SAR.SDO", "SAR.SDO\SAR.SDO.csproj", "{DEE9BBDA-30B6-40C7-9839-9861FA05CBE8}"
EndProject
Project("{FAE04EC0-301F-11D3-BF4B-00C04F79EFBC}") = "SAR.API", "SAR.API\SAR.API.csproj", "{25E935A2-9AA8-49FD-9553-CDB52D890398}"
EndProject
Project("{FAE04EC0-301F-11D3-BF4B-00C04F79EFBC}") = "SAR.EFMODEL", "SAR.EFMODEL\SAR.EFMODEL.csproj", "{6E89816E-D0E8-4F0E-A88E-4A60A049A26F}"
EndProject
Project("{FAE04EC0-301F-11D3-BF4B-00C04F79EFBC}") = "SAR.LibraryBug", "SAR.LibraryBug\SAR.LibraryBug.csproj", "{E982143D-F61F-4E98-BA9C-2A0B217D61E3}"
EndProject
Project("{FAE04EC0-301F-11D3-BF4B-00C04F79EFBC}") = "SAR.LibraryMessage", "SAR.LibraryMessage\SAR.LibraryMessage.csproj", "{DA64492F-EDB5-45F6-BA4A-2240BCC5CB2D}"
EndProject
Global
	GlobalSection(SolutionConfigurationPlatforms) = preSolution
		Debug|Any CPU = Debug|Any CPU
		Release|Any CPU = Release|Any CPU
	EndGlobalSection
	GlobalSection(ProjectConfigurationPlatforms) = postSolution
		{9B04CFDB-20C8-413F-91DF-A5309092B035}.Debug|Any CPU.ActiveCfg = Debug|Any CPU
		{9B04CFDB-20C8-413F-91DF-A5309092B035}.Debug|Any CPU.Build.0 = Debug|Any CPU
		{9B04CFDB-20C8-413F-91DF-A5309092B035}.Release|Any CPU.ActiveCfg = Release|Any CPU
		{9B04CFDB-20C8-413F-91DF-A5309092B035}.Release|Any CPU.Build.0 = Release|Any CPU
		{AB7B5BEB-ABB9-4F1D-9DE0-C077D7FAAE87}.Debug|Any CPU.ActiveCfg = Debug|Any CPU
		{AB7B5BEB-ABB9-4F1D-9DE0-C077D7FAAE87}.Debug|Any CPU.Build.0 = Debug|Any CPU
		{AB7B5BEB-ABB9-4F1D-9DE0-C077D7FAAE87}.Release|Any CPU.ActiveCfg = Release|Any CPU
		{AB7B5BEB-ABB9-4F1D-9DE0-C077D7FAAE87}.Release|Any CPU.Build.0 = Release|Any CPU
		{1C7CB687-4C46-4EC8-A2B2-497DDCB3E34F}.Debug|Any CPU.ActiveCfg = Debug|Any CPU
		{1C7CB687-4C46-4EC8-A2B2-497DDCB3E34F}.Debug|Any CPU.Build.0 = Debug|Any CPU
		{1C7CB687-4C46-4EC8-A2B2-497DDCB3E34F}.Release|Any CPU.ActiveCfg = Release|Any CPU
		{1C7CB687-4C46-4EC8-A2B2-497DDCB3E34F}.Release|Any CPU.Build.0 = Release|Any CPU
		{DEE9BBDA-30B6-40C7-9839-9861FA05CBE8}.Debug|Any CPU.ActiveCfg = Debug|Any CPU
		{DEE9BBDA-30B6-40C7-9839-9861FA05CBE8}.Debug|Any CPU.Build.0 = Debug|Any CPU
		{DEE9BBDA-30B6-40C7-9839-9861FA05CBE8}.Release|Any CPU.ActiveCfg = Release|Any CPU
		{DEE9BBDA-30B6-40C7-9839-9861FA05CBE8}.Release|Any CPU.Build.0 = Release|Any CPU
		{25E935A2-9AA8-49FD-9553-CDB52D890398}.Debug|Any CPU.ActiveCfg = Debug|Any CPU
		{25E935A2-9AA8-49FD-9553-CDB52D890398}.Debug|Any CPU.Build.0 = Debug|Any CPU
		{25E935A2-9AA8-49FD-9553-CDB52D890398}.Release|Any CPU.ActiveCfg = Release|Any CPU
		{25E935A2-9AA8-49FD-9553-CDB52D890398}.Release|Any CPU.Build.0 = Release|Any CPU
		{6E89816E-D0E8-4F0E-A88E-4A60A049A26F}.Debug|Any CPU.ActiveCfg = Debug|Any CPU
		{6E89816E-D0E8-4F0E-A88E-4A60A049A26F}.Debug|Any CPU.Build.0 = Debug|Any CPU
		{6E89816E-D0E8-4F0E-A88E-4A60A049A26F}.Release|Any CPU.ActiveCfg = Release|Any CPU
		{6E89816E-D0E8-4F0E-A88E-4A60A049A26F}.Release|Any CPU.Build.0 = Release|Any CPU
		{E982143D-F61F-4E98-BA9C-2A0B217D61E3}.Debug|Any CPU.ActiveCfg = Debug|Any CPU
		{E982143D-F61F-4E98-BA9C-2A0B217D61E3}.Debug|Any CPU.Build.0 = Debug|Any CPU
		{E982143D-F61F-4E98-BA9C-2A0B217D61E3}.Release|Any CPU.ActiveCfg = Release|Any CPU
		{E982143D-F61F-4E98-BA9C-2A0B217D61E3}.Release|Any CPU.Build.0 = Release|Any CPU
		{DA64492F-EDB5-45F6-BA4A-2240BCC5CB2D}.Debug|Any CPU.ActiveCfg = Debug|Any CPU
		{DA64492F-EDB5-45F6-BA4A-2240BCC5CB2D}.Debug|Any CPU.Build.0 = Debug|Any CPU
		{DA64492F-EDB5-45F6-BA4A-2240BCC5CB2D}.Release|Any CPU.ActiveCfg = Release|Any CPU
		{DA64492F-EDB5-45F6-BA4A-2240BCC5CB2D}.Release|Any CPU.Build.0 = Release|Any CPU
	EndGlobalSection
	GlobalSection(SolutionProperties) = preSolution
		HideSolutionNode = FALSE
	EndGlobalSection
EndGlobal
