
Microsoft Visual Studio Solution File, Format Version 12.00
# Visual Studio 2012
Project("{FAE04EC0-301F-11D3-BF4B-00C04F79EFBC}") = "SDA.DAO", "SDA.DAO\SDA.DAO.csproj", "{9B04CFDB-20C8-413F-91DF-A5309092B035}"
EndProject
Project("{FAE04EC0-301F-11D3-BF4B-00C04F79EFBC}") = "SDA.Filter", "SDA.Filter\SDA.Filter.csproj", "{AB7B5BEB-ABB9-4F1D-9DE0-C077D7FAAE87}"
EndProject
Project("{FAE04EC0-301F-11D3-BF4B-00C04F79EFBC}") = "SDA.LibraryConfig", "SDA.LibraryConfig\SDA.LibraryConfig.csproj", "{41681750-D8EA-4838-9035-AEEBBAC66C42}"
EndProject
Project("{FAE04EC0-301F-11D3-BF4B-00C04F79EFBC}") = "SDA.MANAGER", "SDA.MANAGER\SDA.MANAGER.csproj", "{1C7CB687-4C46-4EC8-A2B2-497DDCB3E34F}"
EndProject
Project("{FAE04EC0-301F-11D3-BF4B-00C04F79EFBC}") = "SDA.SDO", "SDA.SDO\SDA.SDO.csproj", "{DEE9BBDA-30B6-40C7-9839-9861FA05CBE8}"
EndProject
Project("{FAE04EC0-301F-11D3-BF4B-00C04F79EFBC}") = "SDA.API", "SDA.API\SDA.API.csproj", "{25E935A2-9AA8-49FD-9553-CDB52D890398}"
EndProject
Project("{FAE04EC0-301F-11D3-BF4B-00C04F79EFBC}") = "SDA.EFMODEL", "SDA.EFMODEL\SDA.EFMODEL.csproj", "{6E89816E-D0E8-4F0E-A88E-4A60A049A26F}"
EndProject
Project("{FAE04EC0-301F-11D3-BF4B-00C04F79EFBC}") = "SDA.LibraryBug", "SDA.LibraryBug\SDA.LibraryBug.csproj", "{E982143D-F61F-4E98-BA9C-2A0B217D61E3}"
EndProject
Project("{FAE04EC0-301F-11D3-BF4B-00C04F79EFBC}") = "SDA.LibraryMessage", "SDA.LibraryMessage\SDA.LibraryMessage.csproj", "{DA64492F-EDB5-45F6-BA4A-2240BCC5CB2D}"
EndProject
Project("{FAE04EC0-301F-11D3-BF4B-00C04F79EFBC}") = "SDA.PubSub", "SDA.PubSub\SDA.PubSub.csproj", "{8D1B1DC0-E726-45D0-99F3-C54CE1C9BD27}"
EndProject
Project("{FAE04EC0-301F-11D3-BF4B-00C04F79EFBC}") = "SDA.UTILITY", "SDA.UTILITY\SDA.UTILITY.csproj", "{369658DD-C3BE-4923-8C8B-3E0F1961E471}"
EndProject
Global
	GlobalSection(SolutionConfigurationPlatforms) = preSolution
		Debug|Any CPU = Debug|Any CPU
		Release|Any CPU = Release|Any CPU
	EndGlobalSection
	GlobalSection(ProjectConfigurationPlatforms) = postSolution
		{9B04CFDB-20C8-413F-91DF-A5309092B035}.Debug|Any CPU.ActiveCfg = Debug|Any CPU
		{9B04CFDB-20C8-413F-91DF-A5309092B035}.Debug|Any CPU.Build.0 = Debug|Any CPU
		{9B04CFDB-20C8-413F-91DF-A5309092B035}.Release|Any CPU.ActiveCfg = Release|Any CPU
		{9B04CFDB-20C8-413F-91DF-A5309092B035}.Release|Any CPU.Build.0 = Release|Any CPU
		{AB7B5BEB-ABB9-4F1D-9DE0-C077D7FAAE87}.Debug|Any CPU.ActiveCfg = Debug|Any CPU
		{AB7B5BEB-ABB9-4F1D-9DE0-C077D7FAAE87}.Debug|Any CPU.Build.0 = Debug|Any CPU
		{AB7B5BEB-ABB9-4F1D-9DE0-C077D7FAAE87}.Release|Any CPU.ActiveCfg = Release|Any CPU
		{AB7B5BEB-ABB9-4F1D-9DE0-C077D7FAAE87}.Release|Any CPU.Build.0 = Release|Any CPU
		{41681750-D8EA-4838-9035-AEEBBAC66C42}.Debug|Any CPU.ActiveCfg = Debug|Any CPU
		{41681750-D8EA-4838-9035-AEEBBAC66C42}.Debug|Any CPU.Build.0 = Debug|Any CPU
		{41681750-D8EA-4838-9035-AEEBBAC66C42}.Release|Any CPU.ActiveCfg = Release|Any CPU
		{41681750-D8EA-4838-9035-AEEBBAC66C42}.Release|Any CPU.Build.0 = Release|Any CPU
		{1C7CB687-4C46-4EC8-A2B2-497DDCB3E34F}.Debug|Any CPU.ActiveCfg = Debug|Any CPU
		{1C7CB687-4C46-4EC8-A2B2-497DDCB3E34F}.Debug|Any CPU.Build.0 = Debug|Any CPU
		{1C7CB687-4C46-4EC8-A2B2-497DDCB3E34F}.Release|Any CPU.ActiveCfg = Release|Any CPU
		{1C7CB687-4C46-4EC8-A2B2-497DDCB3E34F}.Release|Any CPU.Build.0 = Release|Any CPU
		{DEE9BBDA-30B6-40C7-9839-9861FA05CBE8}.Debug|Any CPU.ActiveCfg = Debug|Any CPU
		{DEE9BBDA-30B6-40C7-9839-9861FA05CBE8}.Debug|Any CPU.Build.0 = Debug|Any CPU
		{DEE9BBDA-30B6-40C7-9839-9861FA05CBE8}.Release|Any CPU.ActiveCfg = Release|Any CPU
		{DEE9BBDA-30B6-40C7-9839-9861FA05CBE8}.Release|Any CPU.Build.0 = Release|Any CPU
		{25E935A2-9AA8-49FD-9553-CDB52D890398}.Debug|Any CPU.ActiveCfg = Debug|Any CPU
		{25E935A2-9AA8-49FD-9553-CDB52D890398}.Debug|Any CPU.Build.0 = Debug|Any CPU
		{25E935A2-9AA8-49FD-9553-CDB52D890398}.Release|Any CPU.ActiveCfg = Release|Any CPU
		{25E935A2-9AA8-49FD-9553-CDB52D890398}.Release|Any CPU.Build.0 = Release|Any CPU
		{6E89816E-D0E8-4F0E-A88E-4A60A049A26F}.Debug|Any CPU.ActiveCfg = Debug|Any CPU
		{6E89816E-D0E8-4F0E-A88E-4A60A049A26F}.Debug|Any CPU.Build.0 = Debug|Any CPU
		{6E89816E-D0E8-4F0E-A88E-4A60A049A26F}.Release|Any CPU.ActiveCfg = Release|Any CPU
		{6E89816E-D0E8-4F0E-A88E-4A60A049A26F}.Release|Any CPU.Build.0 = Release|Any CPU
		{E982143D-F61F-4E98-BA9C-2A0B217D61E3}.Debug|Any CPU.ActiveCfg = Debug|Any CPU
		{E982143D-F61F-4E98-BA9C-2A0B217D61E3}.Debug|Any CPU.Build.0 = Debug|Any CPU
		{E982143D-F61F-4E98-BA9C-2A0B217D61E3}.Release|Any CPU.ActiveCfg = Release|Any CPU
		{E982143D-F61F-4E98-BA9C-2A0B217D61E3}.Release|Any CPU.Build.0 = Release|Any CPU
		{DA64492F-EDB5-45F6-BA4A-2240BCC5CB2D}.Debug|Any CPU.ActiveCfg = Debug|Any CPU
		{DA64492F-EDB5-45F6-BA4A-2240BCC5CB2D}.Debug|Any CPU.Build.0 = Debug|Any CPU
		{DA64492F-EDB5-45F6-BA4A-2240BCC5CB2D}.Release|Any CPU.ActiveCfg = Release|Any CPU
		{DA64492F-EDB5-45F6-BA4A-2240BCC5CB2D}.Release|Any CPU.Build.0 = Release|Any CPU
		{8D1B1DC0-E726-45D0-99F3-C54CE1C9BD27}.Debug|Any CPU.ActiveCfg = Debug|Any CPU
		{8D1B1DC0-E726-45D0-99F3-C54CE1C9BD27}.Debug|Any CPU.Build.0 = Debug|Any CPU
		{8D1B1DC0-E726-45D0-99F3-C54CE1C9BD27}.Release|Any CPU.ActiveCfg = Release|Any CPU
		{8D1B1DC0-E726-45D0-99F3-C54CE1C9BD27}.Release|Any CPU.Build.0 = Release|Any CPU
		{369658DD-C3BE-4923-8C8B-3E0F1961E471}.Debug|Any CPU.ActiveCfg = Debug|Any CPU
		{369658DD-C3BE-4923-8C8B-3E0F1961E471}.Debug|Any CPU.Build.0 = Debug|Any CPU
		{369658DD-C3BE-4923-8C8B-3E0F1961E471}.Release|Any CPU.ActiveCfg = Release|Any CPU
		{369658DD-C3BE-4923-8C8B-3E0F1961E471}.Release|Any CPU.Build.0 = Release|Any CPU
	EndGlobalSection
	GlobalSection(SolutionProperties) = preSolution
		HideSolutionNode = FALSE
	EndGlobalSection
EndGlobal
